// !$*UTF8*$!
{
	archiveVersion = 1;
	classes = {
	};
	objectVersion = 77;
	objects = {

/* Begin PBXBuildFile section */
		50138E992E3A6A0000D17926 /* VariableBlur in Frameworks */ = {isa = PBXBuildFile; productRef = 50138E982E3A6A0000D17926 /* VariableBlur */; };
		501524F22E41645C00704AFD /* MercuryAI.icon in Resources */ = {isa = PBXBuildFile; fileRef = 501524F12E41645C00704AFD /* MercuryAI.icon */; };
		50E425DA2E3B703B009A418D /* MarkdownUI in Frameworks */ = {isa = PBXBuildFile; productRef = 50E425D92E3B703B009A418D /* MarkdownUI */; };
		50F723532E3E25C0005D247A /* Auth in Frameworks */ = {isa = PBXBuildFile; productRef = 50F723522E3E25C0005D247A /* Auth */; };
		50F723552E3E25C0005D247A /* Functions in Frameworks */ = {isa = PBXBuildFile; productRef = 50F723542E3E25C0005D247A /* Functions */; };
		50F723572E3E25C0005D247A /* PostgREST in Frameworks */ = {isa = PBXBuildFile; productRef = 50F723562E3E25C0005D247A /* PostgREST */; };
		50F723592E3E25C0005D247A /* Realtime in Frameworks */ = {isa = PBXBuildFile; productRef = 50F723582E3E25C0005D247A /* Realtime */; };
		50F7235B2E3E25C0005D247A /* Storage in Frameworks */ = {isa = PBXBuildFile; productRef = 50F7235A2E3E25C0005D247A /* Storage */; };
		50F723612E3E2788005D247A /* Supabase in Frameworks */ = {isa = PBXBuildFile; productRef = 50F723602E3E2788005D247A /* Supabase */; };
/* End PBXBuildFile section */

/* Begin PBXFileReference section */
		501524F12E41645C00704AFD /* MercuryAI.icon */ = {isa = PBXFileReference; lastKnownFileType = folder.iconcomposer.icon; path = MercuryAI.icon; sourceTree = "<group>"; };
		50E00D062E391CEF00E5A35B /* Nexus.app */ = {isa = PBXFileReference; explicitFileType = wrapper.application; includeInIndex = 0; path = Nexus.app; sourceTree = BUILT_PRODUCTS_DIR; };
/* End PBXFileReference section */

/* Begin PBXFileSystemSynchronizedRootGroup section */
		50E00D082E391CEF00E5A35B /* Nexus */ = {
			isa = PBXFileSystemSynchronizedRootGroup;
			path = Nexus;
			sourceTree = "<group>";
		};
/* End PBXFileSystemSynchronizedRootGroup section */

/* Begin PBXFrameworksBuildPhase section */
		50E00D032E391CEF00E5A35B /* Frameworks */ = {
			isa = PBXFrameworksBuildPhase;
			buildActionMask = 2147483647;
			files = (
				50138E992E3A6A0000D17926 /* VariableBlur in Frameworks */,
				50E425DA2E3B703B009A418D /* MarkdownUI in Frameworks */,
				50F7235B2E3E25C0005D247A /* Storage in Frameworks */,
				50F723552E3E25C0005D247A /* Functions in Frameworks */,
				50F723612E3E2788005D247A /* Supabase in Frameworks */,
				50F723592E3E25C0005D247A /* Realtime in Frameworks */,
				50F723532E3E25C0005D247A /* Auth in Frameworks */,
				50F723572E3E25C0005D247A /* PostgREST in Frameworks */,
			);
			runOnlyForDeploymentPostprocessing = 0;
		};
/* End PBXFrameworksBuildPhase section */

/* Begin PBXGroup section */
		50E00CFD2E391CEF00E5A35B = {
			isa = PBXGroup;
			children = (
				501524F12E41645C00704AFD /* MercuryAI.icon */,
				50E00D082E391CEF00E5A35B /* Nexus */,
				50F7235F2E3E2788005D247A /* Frameworks */,
				50E00D072E391CEF00E5A35B /* Products */,
			);
			sourceTree = "<group>";
		};
		50E00D072E391CEF00E5A35B /* Products */ = {
			isa = PBXGroup;
			children = (
				50E00D062E391CEF00E5A35B /* Nexus.app */,
			);
			name = Products;
			sourceTree = "<group>";
		};
		50F7235F2E3E2788005D247A /* Frameworks */ = {
			isa = PBXGroup;
			children = (
			);
			name = Frameworks;
			sourceTree = "<group>";
		};
/* End PBXGroup section */

/* Begin PBXNativeTarget section */
		50E00D052E391CEF00E5A35B /* Nexus */ = {
			isa = PBXNativeTarget;
			buildConfigurationList = 50E00D112E391CF100E5A35B /* Build configuration list for PBXNativeTarget "Nexus" */;
			buildPhases = (
				50E00D022E391CEF00E5A35B /* Sources */,
				50E00D032E391CEF00E5A35B /* Frameworks */,
				50E00D042E391CEF00E5A35B /* Resources */,
			);
			buildRules = (
			);
			dependencies = (
			);
			fileSystemSynchronizedGroups = (
				50E00D082E391CEF00E5A35B /* Nexus */,
			);
			name = Nexus;
			packageProductDependencies = (
				50138E982E3A6A0000D17926 /* VariableBlur */,
				50E425D92E3B703B009A418D /* MarkdownUI */,
				50F723522E3E25C0005D247A /* Auth */,
				50F723542E3E25C0005D247A /* Functions */,
				50F723562E3E25C0005D247A /* PostgREST */,
				50F723582E3E25C0005D247A /* Realtime */,
				50F7235A2E3E25C0005D247A /* Storage */,
				50F723602E3E2788005D247A /* Supabase */,
			);
			productName = Nexus;
			productReference = 50E00D062E391CEF00E5A35B /* Nexus.app */;
			productType = "com.apple.product-type.application";
		};
/* End PBXNativeTarget section */

/* Begin PBXProject section */
		50E00CFE2E391CEF00E5A35B /* Project object */ = {
			isa = PBXProject;
			attributes = {
				BuildIndependentTargetsInParallel = 1;
				LastSwiftUpdateCheck = 2600;
				LastUpgradeCheck = 2600;
				TargetAttributes = {
					50E00D052E391CEF00E5A35B = {
						CreatedOnToolsVersion = 26.0;
					};
				};
			};
			buildConfigurationList = 50E00D012E391CEF00E5A35B /* Build configuration list for PBXProject "Nexus" */;
			developmentRegion = en;
			hasScannedForEncodings = 0;
			knownRegions = (
				en,
				Base,
			);
			mainGroup = 50E00CFD2E391CEF00E5A35B;
			minimizedProjectReferenceProxies = 1;
			packageReferences = (
				50138E972E3A6A0000D17926 /* XCRemoteSwiftPackageReference "VariableBlur" */,
				50E425D82E3B703B009A418D /* XCRemoteSwiftPackageReference "swift-markdown-ui" */,
				50F723512E3E25C0005D247A /* XCRemoteSwiftPackageReference "supabase-swift" */,
			);
			preferredProjectObjectVersion = 77;
			productRefGroup = 50E00D072E391CEF00E5A35B /* Products */;
			projectDirPath = "";
			projectRoot = "";
			targets = (
				50E00D052E391CEF00E5A35B /* Nexus */,
			);
		};
/* End PBXProject section */

/* Begin PBXResourcesBuildPhase section */
		50E00D042E391CEF00E5A35B /* Resources */ = {
			isa = PBXResourcesBuildPhase;
			buildActionMask = 2147483647;
			files = (
				501524F22E41645C00704AFD /* MercuryAI.icon in Resources */,
			);
			runOnlyForDeploymentPostprocessing = 0;
		};
/* End PBXResourcesBuildPhase section */

/* Begin PBXSourcesBuildPhase section */
		50E00D022E391CEF00E5A35B /* Sources */ = {
			isa = PBXSourcesBuildPhase;
			buildActionMask = 2147483647;
			files = (
			);
			runOnlyForDeploymentPostprocessing = 0;
		};
/* End PBXSourcesBuildPhase section */

/* Begin XCBuildConfiguration section */
		50E00D0F2E391CF100E5A35B /* Debug */ = {
			isa = XCBuildConfiguration;
			buildSettings = {
				ALWAYS_SEARCH_USER_PATHS = NO;
				ASSETCATALOG_COMPILER_GENERATE_SWIFT_ASSET_SYMBOL_EXTENSIONS = YES;
				CLANG_ANALYZER_NONNULL = YES;
				CLANG_ANALYZER_NUMBER_OBJECT_CONVERSION = YES_AGGRESSIVE;
				CLANG_CXX_LANGUAGE_STANDARD = "gnu++20";
				CLANG_ENABLE_MODULES = YES;
				CLANG_ENABLE_OBJC_ARC = YES;
				CLANG_ENABLE_OBJC_WEAK = YES;
				CLANG_WARN_BLOCK_CAPTURE_AUTORELEASING = YES;
				CLANG_WARN_BOOL_CONVERSION = YES;
				CLANG_WARN_COMMA = YES;
				CLANG_WARN_CONSTANT_CONVERSION = YES;
				CLANG_WARN_DEPRECATED_OBJC_IMPLEMENTATIONS = YES;
				CLANG_WARN_DIRECT_OBJC_ISA_USAGE = YES_ERROR;
				CLANG_WARN_DOCUMENTATION_COMMENTS = YES;
				CLANG_WARN_EMPTY_BODY = YES;
				CLANG_WARN_ENUM_CONVERSION = YES;
				CLANG_WARN_INFINITE_RECURSION = YES;
				CLANG_WARN_INT_CONVERSION = YES;
				CLANG_WARN_NON_LITERAL_NULL_CONVERSION = YES;
				CLANG_WARN_OBJC_IMPLICIT_RETAIN_SELF = YES;
				CLANG_WARN_OBJC_LITERAL_CONVERSION = YES;
				CLANG_WARN_OBJC_ROOT_CLASS = YES_ERROR;
				CLANG_WARN_QUOTED_INCLUDE_IN_FRAMEWORK_HEADER = YES;
				CLANG_WARN_RANGE_LOOP_ANALYSIS = YES;
				CLANG_WARN_STRICT_PROTOTYPES = YES;
				CLANG_WARN_SUSPICIOUS_MOVE = YES;
				CLANG_WARN_UNGUARDED_AVAILABILITY = YES_AGGRESSIVE;
				CLANG_WARN_UNREACHABLE_CODE = YES;
				CLANG_WARN__DUPLICATE_METHOD_MATCH = YES;
				COPY_PHASE_STRIP = NO;
				DEBUG_INFORMATION_FORMAT = dwarf;
				DEVELOPMENT_TEAM = XYA85FESD6;
				ENABLE_STRICT_OBJC_MSGSEND = YES;
				ENABLE_TESTABILITY = YES;
				ENABLE_USER_SCRIPT_SANDBOXING = YES;
				GCC_C_LANGUAGE_STANDARD = gnu17;
				GCC_DYNAMIC_NO_PIC = NO;
				GCC_NO_COMMON_BLOCKS = YES;
				GCC_OPTIMIZATION_LEVEL = 0;
				GCC_PREPROCESSOR_DEFINITIONS = (
					"DEBUG=1",
					"$(inherited)",
				);
				GCC_WARN_64_TO_32_BIT_CONVERSION = YES;
				GCC_WARN_ABOUT_RETURN_TYPE = YES_ERROR;
				GCC_WARN_UNDECLARED_SELECTOR = YES;
				GCC_WARN_UNINITIALIZED_AUTOS = YES_AGGRESSIVE;
				GCC_WARN_UNUSED_FUNCTION = YES;
				GCC_WARN_UNUSED_VARIABLE = YES;
				IPHONEOS_DEPLOYMENT_TARGET = 26.0;
				LOCALIZATION_PREFERS_STRING_CATALOGS = YES;
				MTL_ENABLE_DEBUG_INFO = INCLUDE_SOURCE;
				MTL_FAST_MATH = YES;
				ONLY_ACTIVE_ARCH = YES;
				SDKROOT = iphoneos;
				SWIFT_ACTIVE_COMPILATION_CONDITIONS = "DEBUG $(inherited)";
				SWIFT_OPTIMIZATION_LEVEL = "-Onone";
			};
			name = Debug;
		};
		50E00D102E391CF100E5A35B /* Release */ = {
			isa = XCBuildConfiguration;
			buildSettings = {
				ALWAYS_SEARCH_USER_PATHS = NO;
				ASSETCATALOG_COMPILER_GENERATE_SWIFT_ASSET_SYMBOL_EXTENSIONS = YES;
				CLANG_ANALYZER_NONNULL = YES;
				CLANG_ANALYZER_NUMBER_OBJECT_CONVERSION = YES_AGGRESSIVE;
				CLANG_CXX_LANGUAGE_STANDARD = "gnu++20";
				CLANG_ENABLE_MODULES = YES;
				CLANG_ENABLE_OBJC_ARC = YES;
				CLANG_ENABLE_OBJC_WEAK = YES;
				CLANG_WARN_BLOCK_CAPTURE_AUTORELEASING = YES;
				CLANG_WARN_BOOL_CONVERSION = YES;
				CLANG_WARN_COMMA = YES;
				CLANG_WARN_CONSTANT_CONVERSION = YES;
				CLANG_WARN_DEPRECATED_OBJC_IMPLEMENTATIONS = YES;
				CLANG_WARN_DIRECT_OBJC_ISA_USAGE = YES_ERROR;
				CLANG_WARN_DOCUMENTATION_COMMENTS = YES;
				CLANG_WARN_EMPTY_BODY = YES;
				CLANG_WARN_ENUM_CONVERSION = YES;
				CLANG_WARN_INFINITE_RECURSION = YES;
				CLANG_WARN_INT_CONVERSION = YES;
				CLANG_WARN_NON_LITERAL_NULL_CONVERSION = YES;
				CLANG_WARN_OBJC_IMPLICIT_RETAIN_SELF = YES;
				CLANG_WARN_OBJC_LITERAL_CONVERSION = YES;
				CLANG_WARN_OBJC_ROOT_CLASS = YES_ERROR;
				CLANG_WARN_QUOTED_INCLUDE_IN_FRAMEWORK_HEADER = YES;
				CLANG_WARN_RANGE_LOOP_ANALYSIS = YES;
				CLANG_WARN_STRICT_PROTOTYPES = YES;
				CLANG_WARN_SUSPICIOUS_MOVE = YES;
				CLANG_WARN_UNGUARDED_AVAILABILITY = YES_AGGRESSIVE;
				CLANG_WARN_UNREACHABLE_CODE = YES;
				CLANG_WARN__DUPLICATE_METHOD_MATCH = YES;
				COPY_PHASE_STRIP = NO;
				DEBUG_INFORMATION_FORMAT = "dwarf-with-dsym";
				DEVELOPMENT_TEAM = XYA85FESD6;
				ENABLE_NS_ASSERTIONS = NO;
				ENABLE_STRICT_OBJC_MSGSEND = YES;
				ENABLE_USER_SCRIPT_SANDBOXING = YES;
				GCC_C_LANGUAGE_STANDARD = gnu17;
				GCC_NO_COMMON_BLOCKS = YES;
				GCC_WARN_64_TO_32_BIT_CONVERSION = YES;
				GCC_WARN_ABOUT_RETURN_TYPE = YES_ERROR;
				GCC_WARN_UNDECLARED_SELECTOR = YES;
				GCC_WARN_UNINITIALIZED_AUTOS = YES_AGGRESSIVE;
				GCC_WARN_UNUSED_FUNCTION = YES;
				GCC_WARN_UNUSED_VARIABLE = YES;
				IPHONEOS_DEPLOYMENT_TARGET = 26.0;
				LOCALIZATION_PREFERS_STRING_CATALOGS = YES;
				MTL_ENABLE_DEBUG_INFO = NO;
				MTL_FAST_MATH = YES;
				SDKROOT = iphoneos;
				SWIFT_COMPILATION_MODE = wholemodule;
				VALIDATE_PRODUCT = YES;
			};
			name = Release;
		};
		50E00D122E391CF100E5A35B /* Debug */ = {
			isa = XCBuildConfiguration;
			buildSettings = {
				ASSETCATALOG_COMPILER_APPICON_NAME = MercuryAI;
				ASSETCATALOG_COMPILER_GLOBAL_ACCENT_COLOR_NAME = AccentColor;
				CODE_SIGN_ENTITLEMENTS = Nexus/Nexus.entitlements;
				CODE_SIGN_STYLE = Automatic;
				CURRENT_PROJECT_VERSION = 1;
				DEVELOPMENT_TEAM = XYA85FESD6;
				ENABLE_PREVIEWS = YES;
				GENERATE_INFOPLIST_FILE = YES;
				INFOPLIST_KEY_CFBundleDisplayName = MercuryAI;
				INFOPLIST_KEY_UIApplicationSceneManifest_Generation = YES;
				INFOPLIST_KEY_UIApplicationSupportsIndirectInputEvents = YES;
				INFOPLIST_KEY_UILaunchScreen_Generation = YES;
				INFOPLIST_KEY_UISupportedInterfaceOrientations = UIInterfaceOrientationPortrait;
				INFOPLIST_KEY_UISupportedInterfaceOrientations_iPad = "UIInterfaceOrientationLandscapeLeft UIInterfaceOrientationLandscapeRight UIInterfaceOrientationPortrait UIInterfaceOrientationPortraitUpsideDown";
				LD_RUNPATH_SEARCH_PATHS = (
					"$(inherited)",
					"@executable_path/Frameworks",
				);
				MARKETING_VERSION = 1.0;
				PRODUCT_BUNDLE_IDENTIFIER = com.lorenzoferrante.Nexus;
				PRODUCT_NAME = "$(TARGET_NAME)";
				STRING_CATALOG_GENERATE_SYMBOLS = YES;
				SUPPORTED_PLATFORMS = "iphoneos iphonesimulator";
				SUPPORTS_MACCATALYST = YES;
				SUPPORTS_MAC_DESIGNED_FOR_IPHONE_IPAD = NO;
				SUPPORTS_XR_DESIGNED_FOR_IPHONE_IPAD = NO;
				SWIFT_APPROACHABLE_CONCURRENCY = YES;
				SWIFT_DEFAULT_ACTOR_ISOLATION = nonisolated;
				SWIFT_EMIT_LOC_STRINGS = YES;
				SWIFT_UPCOMING_FEATURE_MEMBER_IMPORT_VISIBILITY = YES;
				SWIFT_VERSION = 5.0;
				TARGETED_DEVICE_FAMILY = "1,2,6";
			};
			name = Debug;
		};
		50E00D132E391CF100E5A35B /* Release */ = {
			isa = XCBuildConfiguration;
			buildSettings = {
				ASSETCATALOG_COMPILER_APPICON_NAME = MercuryAI;
				ASSETCATALOG_COMPILER_GLOBAL_ACCENT_COLOR_NAME = AccentColor;
				CODE_SIGN_ENTITLEMENTS = Nexus/Nexus.entitlements;
				CODE_SIGN_STYLE = Automatic;
				CURRENT_PROJECT_VERSION = 1;
				DEVELOPMENT_TEAM = XYA85FESD6;
				ENABLE_PREVIEWS = YES;
				GENERATE_INFOPLIST_FILE = YES;
				INFOPLIST_KEY_CFBundleDisplayName = MercuryAI;
				INFOPLIST_KEY_UIApplicationSceneManifest_Generation = YES;
				INFOPLIST_KEY_UIApplicationSupportsIndirectInputEvents = YES;
				INFOPLIST_KEY_UILaunchScreen_Generation = YES;
				INFOPLIST_KEY_UISupportedInterfaceOrientations = UIInterfaceOrientationPortrait;
				INFOPLIST_KEY_UISupportedInterfaceOrientations_iPad = "UIInterfaceOrientationLandscapeLeft UIInterfaceOrientationLandscapeRight UIInterfaceOrientationPortrait UIInterfaceOrientationPortraitUpsideDown";
				LD_RUNPATH_SEARCH_PATHS = (
					"$(inherited)",
					"@executable_path/Frameworks",
				);
				MARKETING_VERSION = 1.0;
				PRODUCT_BUNDLE_IDENTIFIER = com.lorenzoferrante.Nexus;
				PRODUCT_NAME = "$(TARGET_NAME)";
				STRING_CATALOG_GENERATE_SYMBOLS = YES;
				SUPPORTED_PLATFORMS = "iphoneos iphonesimulator";
				SUPPORTS_MACCATALYST = YES;
				SUPPORTS_MAC_DESIGNED_FOR_IPHONE_IPAD = NO;
				SUPPORTS_XR_DESIGNED_FOR_IPHONE_IPAD = NO;
				SWIFT_APPROACHABLE_CONCURRENCY = YES;
				SWIFT_DEFAULT_ACTOR_ISOLATION = nonisolated;
				SWIFT_EMIT_LOC_STRINGS = YES;
				SWIFT_UPCOMING_FEATURE_MEMBER_IMPORT_VISIBILITY = YES;
				SWIFT_VERSION = 5.0;
				TARGETED_DEVICE_FAMILY = "1,2,6";
			};
			name = Release;
		};
/* End XCBuildConfiguration section */

/* Begin XCConfigurationList section */
		50E00D012E391CEF00E5A35B /* Build configuration list for PBXProject "Nexus" */ = {
			isa = XCConfigurationList;
			buildConfigurations = (
				50E00D0F2E391CF100E5A35B /* Debug */,
				50E00D102E391CF100E5A35B /* Release */,
			);
			defaultConfigurationIsVisible = 0;
			defaultConfigurationName = Release;
		};
		50E00D112E391CF100E5A35B /* Build configuration list for PBXNativeTarget "Nexus" */ = {
			isa = XCConfigurationList;
			buildConfigurations = (
				50E00D122E391CF100E5A35B /* Debug */,
				50E00D132E391CF100E5A35B /* Release */,
			);
			defaultConfigurationIsVisible = 0;
			defaultConfigurationName = Release;
		};
/* End XCConfigurationList section */

/* Begin XCRemoteSwiftPackageReference section */
		50138E972E3A6A0000D17926 /* XCRemoteSwiftPackageReference "VariableBlur" */ = {
			isa = XCRemoteSwiftPackageReference;
			repositoryURL = "https://github.com/nikstar/VariableBlur";
			requirement = {
				branch = main;
				kind = branch;
			};
		};
		50E425D82E3B703B009A418D /* XCRemoteSwiftPackageReference "swift-markdown-ui" */ = {
			isa = XCRemoteSwiftPackageReference;
			repositoryURL = "https://github.com/gonzalezreal/swift-markdown-ui";
			requirement = {
				kind = upToNextMajorVersion;
				minimumVersion = 2.4.1;
			};
		};
		50F723512E3E25C0005D247A /* XCRemoteSwiftPackageReference "supabase-swift" */ = {
			isa = XCRemoteSwiftPackageReference;
			repositoryURL = "https://github.com/supabase/supabase-swift";
			requirement = {
				kind = upToNextMajorVersion;
				minimumVersion = 2.5.1;
			};
		};
/* End XCRemoteSwiftPackageReference section */

/* Begin XCSwiftPackageProductDependency section */
		50138E982E3A6A0000D17926 /* VariableBlur */ = {
			isa = XCSwiftPackageProductDependency;
			package = 50138E972E3A6A0000D17926 /* XCRemoteSwiftPackageReference "VariableBlur" */;
			productName = VariableBlur;
		};
		50E425D92E3B703B009A418D /* MarkdownUI */ = {
			isa = XCSwiftPackageProductDependency;
			package = 50E425D82E3B703B009A418D /* XCRemoteSwiftPackageReference "swift-markdown-ui" */;
			productName = MarkdownUI;
		};
		50F723522E3E25C0005D247A /* Auth */ = {
			isa = XCSwiftPackageProductDependency;
			package = 50F723512E3E25C0005D247A /* XCRemoteSwiftPackageReference "supabase-swift" */;
			productName = Auth;
		};
		50F723542E3E25C0005D247A /* Functions */ = {
			isa = XCSwiftPackageProductDependency;
			package = 50F723512E3E25C0005D247A /* XCRemoteSwiftPackageReference "supabase-swift" */;
			productName = Functions;
		};
		50F723562E3E25C0005D247A /* PostgREST */ = {
			isa = XCSwiftPackageProductDependency;
			package = 50F723512E3E25C0005D247A /* XCRemoteSwiftPackageReference "supabase-swift" */;
			productName = PostgREST;
		};
		50F723582E3E25C0005D247A /* Realtime */ = {
			isa = XCSwiftPackageProductDependency;
			package = 50F723512E3E25C0005D247A /* XCRemoteSwiftPackageReference "supabase-swift" */;
			productName = Realtime;
		};
		50F7235A2E3E25C0005D247A /* Storage */ = {
			isa = XCSwiftPackageProductDependency;
			package = 50F723512E3E25C0005D247A /* XCRemoteSwiftPackageReference "supabase-swift" */;
			productName = Storage;
		};
		50F723602E3E2788005D247A /* Supabase */ = {
			isa = XCSwiftPackageProductDependency;
			package = 50F723512E3E25C0005D247A /* XCRemoteSwiftPackageReference "supabase-swift" */;
			productName = Supabase;
		};
/* End XCSwiftPackageProductDependency section */
	};
	rootObject = 50E00CFE2E391CEF00E5A35B /* Project object */;
}
